
Microsoft Visual Studio Solution File, Format Version 12.00
# Visual Studio Version 16
VisualStudioVersion = 16.0.31729.503
MinimumVisualStudioVersion = 10.0.40219.1
Project("{9A19103F-16F7-4668-BE54-9A1E7A4F7556}") = "UsersApp.UnitTests", "UsersApp.UnitTests\UsersApp.UnitTests.csproj", "{334FE8F2-90AD-42C7-B181-5566EBB1D859}"
EndProject
Project("{9A19103F-16F7-4668-BE54-9A1E7A4F7556}") = "UsersApp.PostFIOFirstService", "UsersApp.PostFIOFirstService\UsersApp.PostFIOFirstService.csproj", "{C20DCC32-F363-44BC-BCED-4C125EEDDA7E}"
EndProject
Project("{9A19103F-16F7-4668-BE54-9A1E7A4F7556}") = "UsersApp.Infrastructure", "UsersApp.Infrastructure\UsersApp.Infrastructure.csproj", "{E3C714AC-B27B-440E-9459-741A299560DA}"
EndProject
Project("{FAE04EC0-301F-11D3-BF4B-00C04F79EFBC}") = "UsersApp.UsersSecondService", "UsersApp.UsersSecondService\UsersApp.UsersSecondService.csproj", "{7C47DE7D-51FD-4D1B-AA6D-CC764247A257}"
EndProject
Global
	GlobalSection(SolutionConfigurationPlatforms) = preSolution
		Debug|Any CPU = Debug|Any CPU
		Release|Any CPU = Release|Any CPU
	EndGlobalSection
	GlobalSection(ProjectConfigurationPlatforms) = postSolution
		{334FE8F2-90AD-42C7-B181-5566EBB1D859}.Debug|Any CPU.ActiveCfg = Debug|Any CPU
		{334FE8F2-90AD-42C7-B181-5566EBB1D859}.Debug|Any CPU.Build.0 = Debug|Any CPU
		{334FE8F2-90AD-42C7-B181-5566EBB1D859}.Release|Any CPU.ActiveCfg = Release|Any CPU
		{334FE8F2-90AD-42C7-B181-5566EBB1D859}.Release|Any CPU.Build.0 = Release|Any CPU
		{C20DCC32-F363-44BC-BCED-4C125EEDDA7E}.Debug|Any CPU.ActiveCfg = Debug|Any CPU
		{C20DCC32-F363-44BC-BCED-4C125EEDDA7E}.Debug|Any CPU.Build.0 = Debug|Any CPU
		{C20DCC32-F363-44BC-BCED-4C125EEDDA7E}.Release|Any CPU.ActiveCfg = Release|Any CPU
		{C20DCC32-F363-44BC-BCED-4C125EEDDA7E}.Release|Any CPU.Build.0 = Release|Any CPU
		{E3C714AC-B27B-440E-9459-741A299560DA}.Debug|Any CPU.ActiveCfg = Debug|Any CPU
		{E3C714AC-B27B-440E-9459-741A299560DA}.Debug|Any CPU.Build.0 = Debug|Any CPU
		{E3C714AC-B27B-440E-9459-741A299560DA}.Release|Any CPU.ActiveCfg = Release|Any CPU
		{E3C714AC-B27B-440E-9459-741A299560DA}.Release|Any CPU.Build.0 = Release|Any CPU
		{7C47DE7D-51FD-4D1B-AA6D-CC764247A257}.Debug|Any CPU.ActiveCfg = Debug|Any CPU
		{7C47DE7D-51FD-4D1B-AA6D-CC764247A257}.Debug|Any CPU.Build.0 = Debug|Any CPU
		{7C47DE7D-51FD-4D1B-AA6D-CC764247A257}.Release|Any CPU.ActiveCfg = Release|Any CPU
		{7C47DE7D-51FD-4D1B-AA6D-CC764247A257}.Release|Any CPU.Build.0 = Release|Any CPU
	EndGlobalSection
	GlobalSection(SolutionProperties) = preSolution
		HideSolutionNode = FALSE
	EndGlobalSection
	GlobalSection(ExtensibilityGlobals) = postSolution
		SolutionGuid = {07FC6DCA-AF56-4CFA-A8ED-65031314BBD1}
	EndGlobalSection
EndGlobal
